
Microsoft Visual Studio Solution File, Format Version 12.00
# Visual Studio Version 17
VisualStudioVersion = 17.7.34018.315
MinimumVisualStudioVersion = 10.0.40219.1
Project("{FAE04EC0-301F-11D3-BF4B-00C04F79EFBC}") = "FlapFlap", "FlapFlap.csproj", "{8CBD6BD3-BB3C-48AA-8173-EEF023CE632B}"
EndProject
Global
	GlobalSection(SolutionConfigurationPlatforms) = preSolution
		Debug|Any CPU = Debug|Any CPU
		Release|Any CPU = Release|Any CPU
	EndGlobalSection
	GlobalSection(ProjectConfigurationPlatforms) = postSolution
		{8CBD6BD3-BB3C-48AA-8173-EEF023CE632B}.Debug|Any CPU.ActiveCfg = Debug|Any CPU
		{8CBD6BD3-BB3C-48AA-8173-EEF023CE632B}.Debug|Any CPU.Build.0 = Debug|Any CPU
		{8CBD6BD3-BB3C-48AA-8173-EEF023CE632B}.Release|Any CPU.ActiveCfg = Release|Any CPU
		{8CBD6BD3-BB3C-48AA-8173-EEF023CE632B}.Release|Any CPU.Build.0 = Release|Any CPU
	EndGlobalSection
	GlobalSection(SolutionProperties) = preSolution
		HideSolutionNode = FALSE
	EndGlobalSection
	GlobalSection(ExtensibilityGlobals) = postSolution
		SolutionGuid = {B633A12F-ACFC-48AC-9B6E-0BA3DF142AB6}
	EndGlobalSection
EndGlobal
